
Microsoft Visual Studio Solution File, Format Version 12.00
# Visual Studio Version 17
VisualStudioVersion = 17.7.34031.279
MinimumVisualStudioVersion = 10.0.40219.1
Project("{FAE04EC0-301F-11D3-BF4B-00C04F79EFBC}") = "Academy.ConsoleApp", "Academy.ConsoleApp\Academy.ConsoleApp.csproj", "{685AD9CC-F289-490F-BEBC-4797B177A9B3}"
EndProject
Global
	GlobalSection(SolutionConfigurationPlatforms) = preSolution
		Debug|Any CPU = Debug|Any CPU
		Release|Any CPU = Release|Any CPU
	EndGlobalSection
	GlobalSection(ProjectConfigurationPlatforms) = postSolution
		{685AD9CC-F289-490F-BEBC-4797B177A9B3}.Debug|Any CPU.ActiveCfg = Debug|Any CPU
		{685AD9CC-F289-490F-BEBC-4797B177A9B3}.Debug|Any CPU.Build.0 = Debug|Any CPU
		{685AD9CC-F289-490F-BEBC-4797B177A9B3}.Release|Any CPU.ActiveCfg = Release|Any CPU
		{685AD9CC-F289-490F-BEBC-4797B177A9B3}.Release|Any CPU.Build.0 = Release|Any CPU
	EndGlobalSection
	GlobalSection(SolutionProperties) = preSolution
		HideSolutionNode = FALSE
	EndGlobalSection
	GlobalSection(ExtensibilityGlobals) = postSolution
		SolutionGuid = {BB5C3F7A-9155-403D-BD34-476C6587B06C}
	EndGlobalSection
EndGlobal
